
Microsoft Visual Studio Solution File, Format Version 12.00
# Visual Studio Version 16
VisualStudioVersion = 16.0.30002.166
MinimumVisualStudioVersion = 10.0.40219.1
Project("{FAE04EC0-301F-11D3-BF4B-00C04F79EFBC}") = "SuperLauncher", "SuperLauncher\SuperLauncher.csproj", "{7E778E9F-6F78-443D-8939-49A1E4732730}"
EndProject
Global
	GlobalSection(SolutionConfigurationPlatforms) = preSolution
		Debug|Any CPU = Debug|Any CPU
		Release|Any CPU = Release|Any CPU
	EndGlobalSection
	GlobalSection(ProjectConfigurationPlatforms) = postSolution
		{7E778E9F-6F78-443D-8939-49A1E4732730}.Debug|Any CPU.ActiveCfg = Debug|Any CPU
		{7E778E9F-6F78-443D-8939-49A1E4732730}.Debug|Any CPU.Build.0 = Debug|Any CPU
		{7E778E9F-6F78-443D-8939-49A1E4732730}.Release|Any CPU.ActiveCfg = Release|Any CPU
		{7E778E9F-6F78-443D-8939-49A1E4732730}.Release|Any CPU.Build.0 = Release|Any CPU
	EndGlobalSection
	GlobalSection(SolutionProperties) = preSolution
		HideSolutionNode = FALSE
	EndGlobalSection
	GlobalSection(ExtensibilityGlobals) = postSolution
		SolutionGuid = {905FF619-6F82-4B36-B768-7C1FFE9FF0CB}
	EndGlobalSection
EndGlobal
