
Microsoft Visual Studio Solution File, Format Version 12.00
# Visual Studio 15
VisualStudioVersion = 15.0.28010.2041
MinimumVisualStudioVersion = 10.0.40219.1
Project("{FAE04EC0-301F-11D3-BF4B-00C04F79EFBC}") = "SuperLauncher", "SuperLauncher\SuperLauncher.csproj", "{43E97F31-3213-46C1-944B-8CAEC957A880}"
EndProject
Global
	GlobalSection(SolutionConfigurationPlatforms) = preSolution
		Debug|Any CPU = Debug|Any CPU
		Release|Any CPU = Release|Any CPU
	EndGlobalSection
	GlobalSection(ProjectConfigurationPlatforms) = postSolution
		{43E97F31-3213-46C1-944B-8CAEC957A880}.Debug|Any CPU.ActiveCfg = Debug|Any CPU
		{43E97F31-3213-46C1-944B-8CAEC957A880}.Debug|Any CPU.Build.0 = Debug|Any CPU
		{43E97F31-3213-46C1-944B-8CAEC957A880}.Release|Any CPU.ActiveCfg = Release|Any CPU
		{43E97F31-3213-46C1-944B-8CAEC957A880}.Release|Any CPU.Build.0 = Release|Any CPU
	EndGlobalSection
	GlobalSection(SolutionProperties) = preSolution
		HideSolutionNode = FALSE
	EndGlobalSection
	GlobalSection(ExtensibilityGlobals) = postSolution
		SolutionGuid = {905FF619-6F82-4B36-B768-7C1FFE9FF0CB}
	EndGlobalSection
EndGlobal
