
Microsoft Visual Studio Solution File, Format Version 12.00
# Visual Studio Version 17
VisualStudioVersion = 17.0.31825.309
MinimumVisualStudioVersion = 10.0.40219.1
Project("{9A19103F-16F7-4668-BE54-9A1E7A4F7556}") = "SuperLauncher", "SuperLauncher\SuperLauncher.csproj", "{5C1438AF-08DB-4336-959D-C5F8E65AE434}"
EndProject
Project("{9A19103F-16F7-4668-BE54-9A1E7A4F7556}") = "SuperLauncherBootstrap", "SuperLauncherBootstrap\SuperLauncherBootstrap.csproj", "{B1D9C991-ABCA-4963-843E-2874A2937581}"
EndProject
Project("{9A19103F-16F7-4668-BE54-9A1E7A4F7556}") = "SuperLauncherCommon", "SuperLauncherCommon\SuperLauncherCommon.csproj", "{6275A107-1BA8-4FBD-B809-9B36937BBB3F}"
EndProject
Project("{2150E333-8FDC-42A3-9474-1A3956D46DE8}") = "Solution Items", "Solution Items", "{A77FBB21-87B2-41E2-9944-2D18D0FEFF1E}"
	ProjectSection(SolutionItems) = preProject
		CommonProperties.xml = CommonProperties.xml
	EndProjectSection
EndProject
Project("{C7167F0D-BC9F-4E6E-AFE1-012C56B48DB5}") = "SuperLauncherMSIX", "SuperLauncherMSIX\SuperLauncherMSIX.wapproj", "{96C13C5C-2FE5-4603-8660-118581F05884}"
EndProject
Global
	GlobalSection(SolutionConfigurationPlatforms) = preSolution
		Debug|Any CPU = Debug|Any CPU
		Debug|ARM = Debug|ARM
		Debug|ARM64 = Debug|ARM64
		Debug|x64 = Debug|x64
		Debug|x86 = Debug|x86
		Release|Any CPU = Release|Any CPU
		Release|ARM = Release|ARM
		Release|ARM64 = Release|ARM64
		Release|x64 = Release|x64
		Release|x86 = Release|x86
	EndGlobalSection
	GlobalSection(ProjectConfigurationPlatforms) = postSolution
		{5C1438AF-08DB-4336-959D-C5F8E65AE434}.Debug|Any CPU.ActiveCfg = Debug|x64
		{5C1438AF-08DB-4336-959D-C5F8E65AE434}.Debug|Any CPU.Build.0 = Debug|x64
		{5C1438AF-08DB-4336-959D-C5F8E65AE434}.Debug|ARM.ActiveCfg = Debug|x64
		{5C1438AF-08DB-4336-959D-C5F8E65AE434}.Debug|ARM.Build.0 = Debug|x64
		{5C1438AF-08DB-4336-959D-C5F8E65AE434}.Debug|ARM64.ActiveCfg = Debug|x64
		{5C1438AF-08DB-4336-959D-C5F8E65AE434}.Debug|ARM64.Build.0 = Debug|x64
		{5C1438AF-08DB-4336-959D-C5F8E65AE434}.Debug|x64.ActiveCfg = Debug|x64
		{5C1438AF-08DB-4336-959D-C5F8E65AE434}.Debug|x64.Build.0 = Debug|x64
		{5C1438AF-08DB-4336-959D-C5F8E65AE434}.Debug|x86.ActiveCfg = Debug|x64
		{5C1438AF-08DB-4336-959D-C5F8E65AE434}.Debug|x86.Build.0 = Debug|x64
		{5C1438AF-08DB-4336-959D-C5F8E65AE434}.Release|Any CPU.ActiveCfg = Release|x64
		{5C1438AF-08DB-4336-959D-C5F8E65AE434}.Release|Any CPU.Build.0 = Release|x64
		{5C1438AF-08DB-4336-959D-C5F8E65AE434}.Release|ARM.ActiveCfg = Release|x64
		{5C1438AF-08DB-4336-959D-C5F8E65AE434}.Release|ARM.Build.0 = Release|x64
		{5C1438AF-08DB-4336-959D-C5F8E65AE434}.Release|ARM64.ActiveCfg = Release|x64
		{5C1438AF-08DB-4336-959D-C5F8E65AE434}.Release|ARM64.Build.0 = Release|x64
		{5C1438AF-08DB-4336-959D-C5F8E65AE434}.Release|x64.ActiveCfg = Release|x64
		{5C1438AF-08DB-4336-959D-C5F8E65AE434}.Release|x64.Build.0 = Release|x64
		{5C1438AF-08DB-4336-959D-C5F8E65AE434}.Release|x86.ActiveCfg = Release|x64
		{5C1438AF-08DB-4336-959D-C5F8E65AE434}.Release|x86.Build.0 = Release|x64
		{B1D9C991-ABCA-4963-843E-2874A2937581}.Debug|Any CPU.ActiveCfg = Debug|x64
		{B1D9C991-ABCA-4963-843E-2874A2937581}.Debug|Any CPU.Build.0 = Debug|x64
		{B1D9C991-ABCA-4963-843E-2874A2937581}.Debug|ARM.ActiveCfg = Debug|x64
		{B1D9C991-ABCA-4963-843E-2874A2937581}.Debug|ARM.Build.0 = Debug|x64
		{B1D9C991-ABCA-4963-843E-2874A2937581}.Debug|ARM64.ActiveCfg = Debug|x64
		{B1D9C991-ABCA-4963-843E-2874A2937581}.Debug|ARM64.Build.0 = Debug|x64
		{B1D9C991-ABCA-4963-843E-2874A2937581}.Debug|x64.ActiveCfg = Debug|x64
		{B1D9C991-ABCA-4963-843E-2874A2937581}.Debug|x64.Build.0 = Debug|x64
		{B1D9C991-ABCA-4963-843E-2874A2937581}.Debug|x86.ActiveCfg = Debug|x64
		{B1D9C991-ABCA-4963-843E-2874A2937581}.Debug|x86.Build.0 = Debug|x64
		{B1D9C991-ABCA-4963-843E-2874A2937581}.Release|Any CPU.ActiveCfg = Release|x64
		{B1D9C991-ABCA-4963-843E-2874A2937581}.Release|Any CPU.Build.0 = Release|x64
		{B1D9C991-ABCA-4963-843E-2874A2937581}.Release|ARM.ActiveCfg = Release|x64
		{B1D9C991-ABCA-4963-843E-2874A2937581}.Release|ARM.Build.0 = Release|x64
		{B1D9C991-ABCA-4963-843E-2874A2937581}.Release|ARM64.ActiveCfg = Release|x64
		{B1D9C991-ABCA-4963-843E-2874A2937581}.Release|ARM64.Build.0 = Release|x64
		{B1D9C991-ABCA-4963-843E-2874A2937581}.Release|x64.ActiveCfg = Release|x64
		{B1D9C991-ABCA-4963-843E-2874A2937581}.Release|x64.Build.0 = Release|x64
		{B1D9C991-ABCA-4963-843E-2874A2937581}.Release|x86.ActiveCfg = Release|x64
		{B1D9C991-ABCA-4963-843E-2874A2937581}.Release|x86.Build.0 = Release|x64
		{6275A107-1BA8-4FBD-B809-9B36937BBB3F}.Debug|Any CPU.ActiveCfg = Debug|x64
		{6275A107-1BA8-4FBD-B809-9B36937BBB3F}.Debug|Any CPU.Build.0 = Debug|x64
		{6275A107-1BA8-4FBD-B809-9B36937BBB3F}.Debug|ARM.ActiveCfg = Debug|x64
		{6275A107-1BA8-4FBD-B809-9B36937BBB3F}.Debug|ARM.Build.0 = Debug|x64
		{6275A107-1BA8-4FBD-B809-9B36937BBB3F}.Debug|ARM64.ActiveCfg = Debug|x64
		{6275A107-1BA8-4FBD-B809-9B36937BBB3F}.Debug|ARM64.Build.0 = Debug|x64
		{6275A107-1BA8-4FBD-B809-9B36937BBB3F}.Debug|x64.ActiveCfg = Debug|x64
		{6275A107-1BA8-4FBD-B809-9B36937BBB3F}.Debug|x64.Build.0 = Debug|x64
		{6275A107-1BA8-4FBD-B809-9B36937BBB3F}.Debug|x86.ActiveCfg = Debug|x64
		{6275A107-1BA8-4FBD-B809-9B36937BBB3F}.Debug|x86.Build.0 = Debug|x64
		{6275A107-1BA8-4FBD-B809-9B36937BBB3F}.Release|Any CPU.ActiveCfg = Release|x64
		{6275A107-1BA8-4FBD-B809-9B36937BBB3F}.Release|Any CPU.Build.0 = Release|x64
		{6275A107-1BA8-4FBD-B809-9B36937BBB3F}.Release|ARM.ActiveCfg = Release|x64
		{6275A107-1BA8-4FBD-B809-9B36937BBB3F}.Release|ARM.Build.0 = Release|x64
		{6275A107-1BA8-4FBD-B809-9B36937BBB3F}.Release|ARM64.ActiveCfg = Release|x64
		{6275A107-1BA8-4FBD-B809-9B36937BBB3F}.Release|ARM64.Build.0 = Release|x64
		{6275A107-1BA8-4FBD-B809-9B36937BBB3F}.Release|x64.ActiveCfg = Release|x64
		{6275A107-1BA8-4FBD-B809-9B36937BBB3F}.Release|x64.Build.0 = Release|x64
		{6275A107-1BA8-4FBD-B809-9B36937BBB3F}.Release|x86.ActiveCfg = Release|x64
		{6275A107-1BA8-4FBD-B809-9B36937BBB3F}.Release|x86.Build.0 = Release|x64
		{96C13C5C-2FE5-4603-8660-118581F05884}.Debug|Any CPU.ActiveCfg = Debug|x64
		{96C13C5C-2FE5-4603-8660-118581F05884}.Debug|Any CPU.Build.0 = Debug|x64
		{96C13C5C-2FE5-4603-8660-118581F05884}.Debug|Any CPU.Deploy.0 = Debug|x64
		{96C13C5C-2FE5-4603-8660-118581F05884}.Debug|ARM.ActiveCfg = Debug|ARM
		{96C13C5C-2FE5-4603-8660-118581F05884}.Debug|ARM.Build.0 = Debug|ARM
		{96C13C5C-2FE5-4603-8660-118581F05884}.Debug|ARM.Deploy.0 = Debug|ARM
		{96C13C5C-2FE5-4603-8660-118581F05884}.Debug|ARM64.ActiveCfg = Debug|ARM64
		{96C13C5C-2FE5-4603-8660-118581F05884}.Debug|ARM64.Build.0 = Debug|ARM64
		{96C13C5C-2FE5-4603-8660-118581F05884}.Debug|ARM64.Deploy.0 = Debug|ARM64
		{96C13C5C-2FE5-4603-8660-118581F05884}.Debug|x64.ActiveCfg = Debug|x64
		{96C13C5C-2FE5-4603-8660-118581F05884}.Debug|x64.Build.0 = Debug|x64
		{96C13C5C-2FE5-4603-8660-118581F05884}.Debug|x64.Deploy.0 = Debug|x64
		{96C13C5C-2FE5-4603-8660-118581F05884}.Debug|x86.ActiveCfg = Debug|x86
		{96C13C5C-2FE5-4603-8660-118581F05884}.Debug|x86.Build.0 = Debug|x86
		{96C13C5C-2FE5-4603-8660-118581F05884}.Debug|x86.Deploy.0 = Debug|x86
		{96C13C5C-2FE5-4603-8660-118581F05884}.Release|Any CPU.ActiveCfg = Release|Any CPU
		{96C13C5C-2FE5-4603-8660-118581F05884}.Release|Any CPU.Build.0 = Release|Any CPU
		{96C13C5C-2FE5-4603-8660-118581F05884}.Release|Any CPU.Deploy.0 = Release|Any CPU
		{96C13C5C-2FE5-4603-8660-118581F05884}.Release|ARM.ActiveCfg = Release|ARM
		{96C13C5C-2FE5-4603-8660-118581F05884}.Release|ARM.Build.0 = Release|ARM
		{96C13C5C-2FE5-4603-8660-118581F05884}.Release|ARM.Deploy.0 = Release|ARM
		{96C13C5C-2FE5-4603-8660-118581F05884}.Release|ARM64.ActiveCfg = Release|ARM64
		{96C13C5C-2FE5-4603-8660-118581F05884}.Release|ARM64.Build.0 = Release|ARM64
		{96C13C5C-2FE5-4603-8660-118581F05884}.Release|ARM64.Deploy.0 = Release|ARM64
		{96C13C5C-2FE5-4603-8660-118581F05884}.Release|x64.ActiveCfg = Release|x64
		{96C13C5C-2FE5-4603-8660-118581F05884}.Release|x64.Build.0 = Release|x64
		{96C13C5C-2FE5-4603-8660-118581F05884}.Release|x64.Deploy.0 = Release|x64
		{96C13C5C-2FE5-4603-8660-118581F05884}.Release|x86.ActiveCfg = Release|x86
		{96C13C5C-2FE5-4603-8660-118581F05884}.Release|x86.Build.0 = Release|x86
		{96C13C5C-2FE5-4603-8660-118581F05884}.Release|x86.Deploy.0 = Release|x86
	EndGlobalSection
	GlobalSection(SolutionProperties) = preSolution
		HideSolutionNode = FALSE
	EndGlobalSection
	GlobalSection(ExtensibilityGlobals) = postSolution
		SolutionGuid = {905FF619-6F82-4B36-B768-7C1FFE9FF0CB}
	EndGlobalSection
EndGlobal
